
Microsoft Visual Studio Solution File, Format Version 12.00
# Visual Studio Version 17
VisualStudioVersion = 17.11.35208.52
MinimumVisualStudioVersion = 10.0.40219.1
Project("{FAE04EC0-301F-11D3-BF4B-00C04F79EFBC}") = "LoadBalancer", "LoadBalancer\LoadBalancer.csproj", "{BF60A6A1-982F-42CE-B385-6DC5B6C50C44}"
EndProject
Global
	GlobalSection(SolutionConfigurationPlatforms) = preSolution
		Debug|Any CPU = Debug|Any CPU
		Release|Any CPU = Release|Any CPU
	EndGlobalSection
	GlobalSection(ProjectConfigurationPlatforms) = postSolution
		{BF60A6A1-982F-42CE-B385-6DC5B6C50C44}.Debug|Any CPU.ActiveCfg = Debug|Any CPU
		{BF60A6A1-982F-42CE-B385-6DC5B6C50C44}.Debug|Any CPU.Build.0 = Debug|Any CPU
		{BF60A6A1-982F-42CE-B385-6DC5B6C50C44}.Release|Any CPU.ActiveCfg = Release|Any CPU
		{BF60A6A1-982F-42CE-B385-6DC5B6C50C44}.Release|Any CPU.Build.0 = Release|Any CPU
	EndGlobalSection
	GlobalSection(SolutionProperties) = preSolution
		HideSolutionNode = FALSE
	EndGlobalSection
	GlobalSection(ExtensibilityGlobals) = postSolution
		SolutionGuid = {3274F16C-EB11-4818-B5A2-CC411E7E2BEB}
	EndGlobalSection
EndGlobal
